// !$*UTF8*$!
{
	archiveVersion = 1;
	classes = {
	};
	objectVersion = 77;
	objects = {

/* Begin PBXBuildFile section */
		EF25C8652DF8D5BD001E485F /* ContentView.swift in Sources */ = {isa = PBXBuildFile; fileRef = EF25C8612DF8D5BD001E485F /* ContentView.swift */; };
		EF25C8732DF8D7D5001E485F /* TodoListView.swift in Sources */ = {isa = PBXBuildFile; fileRef = EF25C8722DF8D7CD001E485F /* TodoListView.swift */; };
		EF25C8742DF8D896001E485F /* TodoItem.swift in Sources */ = {isa = PBXBuildFile; fileRef = EF25C8712DF8D6D7001E485F /* TodoItem.swift */; };
		EF25C8762DF8D91C001E485F /* TodoViewModel.swift in Sources */ = {isa = PBXBuildFile; fileRef = EF25C8752DF8D8E1001E485F /* TodoViewModel.swift */; };
		EF25C8782DF8D94E001E485F /* AddTaskView.swift in Sources */ = {isa = PBXBuildFile; fileRef = EF25C8772DF8D94D001E485F /* AddTaskView.swift */; };
		EF25C87A2DF8E38E001E485F /* TaskDetailView.swift in Sources */ = {isa = PBXBuildFile; fileRef = EF25C8792DF8E38D001E485F /* TaskDetailView.swift */; };
		EF25C87C2DF8E49E001E485F /* ListViewForCategory.swift in Sources */ = {isa = PBXBuildFile; fileRef = EF25C87B2DF8E49D001E485F /* ListViewForCategory.swift */; };
		EF25C87E2DF8E5F7001E485F /* EditTaskView.swift in Sources */ = {isa = PBXBuildFile; fileRef = EF25C87D2DF8E5F6001E485F /* EditTaskView.swift */; };
/* End PBXBuildFile section */

/* Begin PBXContainerItemProxy section */
		EF25C8422DF8D3F9001E485F /* PBXContainerItemProxy */ = {
			isa = PBXContainerItemProxy;
			containerPortal = EF25C8292DF8D3F8001E485F /* Project object */;
			proxyType = 1;
			remoteGlobalIDString = EF25C8302DF8D3F8001E485F;
			remoteInfo = TodoMini;
		};
		EF25C84C2DF8D3F9001E485F /* PBXContainerItemProxy */ = {
			isa = PBXContainerItemProxy;
			containerPortal = EF25C8292DF8D3F8001E485F /* Project object */;
			proxyType = 1;
			remoteGlobalIDString = EF25C8302DF8D3F8001E485F;
			remoteInfo = TodoMini;
		};
/* End PBXContainerItemProxy section */

/* Begin PBXFileReference section */
		EF25C8312DF8D3F8001E485F /* TodoMini.app */ = {isa = PBXFileReference; explicitFileType = wrapper.application; includeInIndex = 0; path = TodoMini.app; sourceTree = BUILT_PRODUCTS_DIR; };
		EF25C8412DF8D3F9001E485F /* TodoMiniTests.xctest */ = {isa = PBXFileReference; explicitFileType = wrapper.cfbundle; includeInIndex = 0; path = TodoMiniTests.xctest; sourceTree = BUILT_PRODUCTS_DIR; };
		EF25C84B2DF8D3F9001E485F /* TodoMiniUITests.xctest */ = {isa = PBXFileReference; explicitFileType = wrapper.cfbundle; includeInIndex = 0; path = TodoMiniUITests.xctest; sourceTree = BUILT_PRODUCTS_DIR; };
		EF25C8612DF8D5BD001E485F /* ContentView.swift */ = {isa = PBXFileReference; lastKnownFileType = sourcecode.swift; path = ContentView.swift; sourceTree = "<group>"; };
		EF25C8712DF8D6D7001E485F /* TodoItem.swift */ = {isa = PBXFileReference; lastKnownFileType = sourcecode.swift; path = TodoItem.swift; sourceTree = "<group>"; };
		EF25C8722DF8D7CD001E485F /* TodoListView.swift */ = {isa = PBXFileReference; lastKnownFileType = sourcecode.swift; path = TodoListView.swift; sourceTree = "<group>"; };
		EF25C8752DF8D8E1001E485F /* TodoViewModel.swift */ = {isa = PBXFileReference; lastKnownFileType = sourcecode.swift; path = TodoViewModel.swift; sourceTree = "<group>"; };
		EF25C8772DF8D94D001E485F /* AddTaskView.swift */ = {isa = PBXFileReference; lastKnownFileType = sourcecode.swift; path = AddTaskView.swift; sourceTree = "<group>"; };
		EF25C8792DF8E38D001E485F /* TaskDetailView.swift */ = {isa = PBXFileReference; lastKnownFileType = sourcecode.swift; path = TaskDetailView.swift; sourceTree = "<group>"; };
		EF25C87B2DF8E49D001E485F /* ListViewForCategory.swift */ = {isa = PBXFileReference; lastKnownFileType = sourcecode.swift; path = ListViewForCategory.swift; sourceTree = "<group>"; };
		EF25C87D2DF8E5F6001E485F /* EditTaskView.swift */ = {isa = PBXFileReference; lastKnownFileType = sourcecode.swift; path = EditTaskView.swift; sourceTree = "<group>"; };
/* End PBXFileReference section */

/* Begin PBXFileSystemSynchronizedRootGroup section */
		EF25C8332DF8D3F8001E485F /* TodoMini */ = {
			isa = PBXFileSystemSynchronizedRootGroup;
			path = TodoMini;
			sourceTree = "<group>";
		};
		EF25C8442DF8D3F9001E485F /* TodoMiniTests */ = {
			isa = PBXFileSystemSynchronizedRootGroup;
			path = TodoMiniTests;
			sourceTree = "<group>";
		};
		EF25C84E2DF8D3F9001E485F /* TodoMiniUITests */ = {
			isa = PBXFileSystemSynchronizedRootGroup;
			path = TodoMiniUITests;
			sourceTree = "<group>";
		};
/* End PBXFileSystemSynchronizedRootGroup section */

/* Begin PBXFrameworksBuildPhase section */
		EF25C82E2DF8D3F8001E485F /* Frameworks */ = {
			isa = PBXFrameworksBuildPhase;
			buildActionMask = 2147483647;
			files = (
			);
			runOnlyForDeploymentPostprocessing = 0;
		};
		EF25C83E2DF8D3F9001E485F /* Frameworks */ = {
			isa = PBXFrameworksBuildPhase;
			buildActionMask = 2147483647;
			files = (
			);
			runOnlyForDeploymentPostprocessing = 0;
		};
		EF25C8482DF8D3F9001E485F /* Frameworks */ = {
			isa = PBXFrameworksBuildPhase;
			buildActionMask = 2147483647;
			files = (
			);
			runOnlyForDeploymentPostprocessing = 0;
		};
/* End PBXFrameworksBuildPhase section */

/* Begin PBXGroup section */
		EF25C8282DF8D3F8001E485F = {
			isa = PBXGroup;
			children = (
				EF25C8702DF8D669001E485F /* Utils */,
				EF25C86F2DF8D660001E485F /* ViewModels */,
				EF25C86E2DF8D65A001E485F /* Views */,
				EF25C86D2DF8D653001E485F /* Models */,
				EF25C8332DF8D3F8001E485F /* TodoMini */,
				EF25C8442DF8D3F9001E485F /* TodoMiniTests */,
				EF25C84E2DF8D3F9001E485F /* TodoMiniUITests */,
				EF25C8322DF8D3F8001E485F /* Products */,
			);
			sourceTree = "<group>";
		};
		EF25C8322DF8D3F8001E485F /* Products */ = {
			isa = PBXGroup;
			children = (
				EF25C8312DF8D3F8001E485F /* TodoMini.app */,
				EF25C8412DF8D3F9001E485F /* TodoMiniTests.xctest */,
				EF25C84B2DF8D3F9001E485F /* TodoMiniUITests.xctest */,
			);
			name = Products;
			sourceTree = "<group>";
		};
		EF25C86D2DF8D653001E485F /* Models */ = {
			isa = PBXGroup;
			children = (
				EF25C8712DF8D6D7001E485F /* TodoItem.swift */,
			);
			path = Models;
			sourceTree = "<group>";
		};
		EF25C86E2DF8D65A001E485F /* Views */ = {
			isa = PBXGroup;
			children = (
				EF25C87D2DF8E5F6001E485F /* EditTaskView.swift */,
				EF25C87B2DF8E49D001E485F /* ListViewForCategory.swift */,
				EF25C8792DF8E38D001E485F /* TaskDetailView.swift */,
				EF25C8772DF8D94D001E485F /* AddTaskView.swift */,
				EF25C8722DF8D7CD001E485F /* TodoListView.swift */,
				EF25C8612DF8D5BD001E485F /* ContentView.swift */,
			);
			path = Views;
			sourceTree = "<group>";
		};
		EF25C86F2DF8D660001E485F /* ViewModels */ = {
			isa = PBXGroup;
			children = (
				EF25C8752DF8D8E1001E485F /* TodoViewModel.swift */,
			);
			path = ViewModels;
			sourceTree = "<group>";
		};
		EF25C8702DF8D669001E485F /* Utils */ = {
			isa = PBXGroup;
			children = (
			);
			path = Utils;
			sourceTree = "<group>";
		};
/* End PBXGroup section */

/* Begin PBXNativeTarget section */
		EF25C8302DF8D3F8001E485F /* TodoMini */ = {
			isa = PBXNativeTarget;
			buildConfigurationList = EF25C8552DF8D3F9001E485F /* Build configuration list for PBXNativeTarget "TodoMini" */;
			buildPhases = (
				EF25C82D2DF8D3F8001E485F /* Sources */,
				EF25C82E2DF8D3F8001E485F /* Frameworks */,
				EF25C82F2DF8D3F8001E485F /* Resources */,
			);
			buildRules = (
			);
			dependencies = (
			);
			fileSystemSynchronizedGroups = (
				EF25C8332DF8D3F8001E485F /* TodoMini */,
			);
			name = TodoMini;
			packageProductDependencies = (
			);
			productName = TodoMini;
			productReference = EF25C8312DF8D3F8001E485F /* TodoMini.app */;
			productType = "com.apple.product-type.application";
		};
		EF25C8402DF8D3F9001E485F /* TodoMiniTests */ = {
			isa = PBXNativeTarget;
			buildConfigurationList = EF25C8582DF8D3F9001E485F /* Build configuration list for PBXNativeTarget "TodoMiniTests" */;
			buildPhases = (
				EF25C83D2DF8D3F9001E485F /* Sources */,
				EF25C83E2DF8D3F9001E485F /* Frameworks */,
				EF25C83F2DF8D3F9001E485F /* Resources */,
			);
			buildRules = (
			);
			dependencies = (
				EF25C8432DF8D3F9001E485F /* PBXTargetDependency */,
			);
			fileSystemSynchronizedGroups = (
				EF25C8442DF8D3F9001E485F /* TodoMiniTests */,
			);
			name = TodoMiniTests;
			packageProductDependencies = (
			);
			productName = TodoMiniTests;
			productReference = EF25C8412DF8D3F9001E485F /* TodoMiniTests.xctest */;
			productType = "com.apple.product-type.bundle.unit-test";
		};
		EF25C84A2DF8D3F9001E485F /* TodoMiniUITests */ = {
			isa = PBXNativeTarget;
			buildConfigurationList = EF25C85B2DF8D3F9001E485F /* Build configuration list for PBXNativeTarget "TodoMiniUITests" */;
			buildPhases = (
				EF25C8472DF8D3F9001E485F /* Sources */,
				EF25C8482DF8D3F9001E485F /* Frameworks */,
				EF25C8492DF8D3F9001E485F /* Resources */,
			);
			buildRules = (
			);
			dependencies = (
				EF25C84D2DF8D3F9001E485F /* PBXTargetDependency */,
			);
			fileSystemSynchronizedGroups = (
				EF25C84E2DF8D3F9001E485F /* TodoMiniUITests */,
			);
			name = TodoMiniUITests;
			packageProductDependencies = (
			);
			productName = TodoMiniUITests;
			productReference = EF25C84B2DF8D3F9001E485F /* TodoMiniUITests.xctest */;
			productType = "com.apple.product-type.bundle.ui-testing";
		};
/* End PBXNativeTarget section */

/* Begin PBXProject section */
		EF25C8292DF8D3F8001E485F /* Project object */ = {
			isa = PBXProject;
			attributes = {
				BuildIndependentTargetsInParallel = 1;
				LastSwiftUpdateCheck = 1610;
				LastUpgradeCheck = 1610;
				TargetAttributes = {
					EF25C8302DF8D3F8001E485F = {
						CreatedOnToolsVersion = 16.1;
					};
					EF25C8402DF8D3F9001E485F = {
						CreatedOnToolsVersion = 16.1;
						TestTargetID = EF25C8302DF8D3F8001E485F;
					};
					EF25C84A2DF8D3F9001E485F = {
						CreatedOnToolsVersion = 16.1;
						TestTargetID = EF25C8302DF8D3F8001E485F;
					};
				};
			};
			buildConfigurationList = EF25C82C2DF8D3F8001E485F /* Build configuration list for PBXProject "TodoMini" */;
			developmentRegion = en;
			hasScannedForEncodings = 0;
			knownRegions = (
				en,
				Base,
			);
			mainGroup = EF25C8282DF8D3F8001E485F;
			minimizedProjectReferenceProxies = 1;
			preferredProjectObjectVersion = 77;
			productRefGroup = EF25C8322DF8D3F8001E485F /* Products */;
			projectDirPath = "";
			projectRoot = "";
			targets = (
				EF25C8302DF8D3F8001E485F /* TodoMini */,
				EF25C8402DF8D3F9001E485F /* TodoMiniTests */,
				EF25C84A2DF8D3F9001E485F /* TodoMiniUITests */,
			);
		};
/* End PBXProject section */

/* Begin PBXResourcesBuildPhase section */
		EF25C82F2DF8D3F8001E485F /* Resources */ = {
			isa = PBXResourcesBuildPhase;
			buildActionMask = 2147483647;
			files = (
			);
			runOnlyForDeploymentPostprocessing = 0;
		};
		EF25C83F2DF8D3F9001E485F /* Resources */ = {
			isa = PBXResourcesBuildPhase;
			buildActionMask = 2147483647;
			files = (
			);
			runOnlyForDeploymentPostprocessing = 0;
		};
		EF25C8492DF8D3F9001E485F /* Resources */ = {
			isa = PBXResourcesBuildPhase;
			buildActionMask = 2147483647;
			files = (
			);
			runOnlyForDeploymentPostprocessing = 0;
		};
/* End PBXResourcesBuildPhase section */

/* Begin PBXSourcesBuildPhase section */
		EF25C82D2DF8D3F8001E485F /* Sources */ = {
			isa = PBXSourcesBuildPhase;
			buildActionMask = 2147483647;
			files = (
				EF25C87E2DF8E5F7001E485F /* EditTaskView.swift in Sources */,
				EF25C87C2DF8E49E001E485F /* ListViewForCategory.swift in Sources */,
				EF25C87A2DF8E38E001E485F /* TaskDetailView.swift in Sources */,
				EF25C8652DF8D5BD001E485F /* ContentView.swift in Sources */,
				EF25C8742DF8D896001E485F /* TodoItem.swift in Sources */,
				EF25C8782DF8D94E001E485F /* AddTaskView.swift in Sources */,
				EF25C8762DF8D91C001E485F /* TodoViewModel.swift in Sources */,
				EF25C8732DF8D7D5001E485F /* TodoListView.swift in Sources */,
			);
			runOnlyForDeploymentPostprocessing = 0;
		};
		EF25C83D2DF8D3F9001E485F /* Sources */ = {
			isa = PBXSourcesBuildPhase;
			buildActionMask = 2147483647;
			files = (
			);
			runOnlyForDeploymentPostprocessing = 0;
		};
		EF25C8472DF8D3F9001E485F /* Sources */ = {
			isa = PBXSourcesBuildPhase;
			buildActionMask = 2147483647;
			files = (
			);
			runOnlyForDeploymentPostprocessing = 0;
		};
/* End PBXSourcesBuildPhase section */

/* Begin PBXTargetDependency section */
		EF25C8432DF8D3F9001E485F /* PBXTargetDependency */ = {
			isa = PBXTargetDependency;
			target = EF25C8302DF8D3F8001E485F /* TodoMini */;
			targetProxy = EF25C8422DF8D3F9001E485F /* PBXContainerItemProxy */;
		};
		EF25C84D2DF8D3F9001E485F /* PBXTargetDependency */ = {
			isa = PBXTargetDependency;
			target = EF25C8302DF8D3F8001E485F /* TodoMini */;
			targetProxy = EF25C84C2DF8D3F9001E485F /* PBXContainerItemProxy */;
		};
/* End PBXTargetDependency section */

/* Begin XCBuildConfiguration section */
		EF25C8532DF8D3F9001E485F /* Debug */ = {
			isa = XCBuildConfiguration;
			buildSettings = {
				ALWAYS_SEARCH_USER_PATHS = NO;
				ASSETCATALOG_COMPILER_GENERATE_SWIFT_ASSET_SYMBOL_EXTENSIONS = YES;
				CLANG_ANALYZER_NONNULL = YES;
				CLANG_ANALYZER_NUMBER_OBJECT_CONVERSION = YES_AGGRESSIVE;
				CLANG_CXX_LANGUAGE_STANDARD = "gnu++20";
				CLANG_ENABLE_MODULES = YES;
				CLANG_ENABLE_OBJC_ARC = YES;
				CLANG_ENABLE_OBJC_WEAK = YES;
				CLANG_WARN_BLOCK_CAPTURE_AUTORELEASING = YES;
				CLANG_WARN_BOOL_CONVERSION = YES;
				CLANG_WARN_COMMA = YES;
				CLANG_WARN_CONSTANT_CONVERSION = YES;
				CLANG_WARN_DEPRECATED_OBJC_IMPLEMENTATIONS = YES;
				CLANG_WARN_DIRECT_OBJC_ISA_USAGE = YES_ERROR;
				CLANG_WARN_DOCUMENTATION_COMMENTS = YES;
				CLANG_WARN_EMPTY_BODY = YES;
				CLANG_WARN_ENUM_CONVERSION = YES;
				CLANG_WARN_INFINITE_RECURSION = YES;
				CLANG_WARN_INT_CONVERSION = YES;
				CLANG_WARN_NON_LITERAL_NULL_CONVERSION = YES;
				CLANG_WARN_OBJC_IMPLICIT_RETAIN_SELF = YES;
				CLANG_WARN_OBJC_LITERAL_CONVERSION = YES;
				CLANG_WARN_OBJC_ROOT_CLASS = YES_ERROR;
				CLANG_WARN_QUOTED_INCLUDE_IN_FRAMEWORK_HEADER = YES;
				CLANG_WARN_RANGE_LOOP_ANALYSIS = YES;
				CLANG_WARN_STRICT_PROTOTYPES = YES;
				CLANG_WARN_SUSPICIOUS_MOVE = YES;
				CLANG_WARN_UNGUARDED_AVAILABILITY = YES_AGGRESSIVE;
				CLANG_WARN_UNREACHABLE_CODE = YES;
				CLANG_WARN__DUPLICATE_METHOD_MATCH = YES;
				COPY_PHASE_STRIP = NO;
				DEBUG_INFORMATION_FORMAT = dwarf;
				ENABLE_STRICT_OBJC_MSGSEND = YES;
				ENABLE_TESTABILITY = YES;
				ENABLE_USER_SCRIPT_SANDBOXING = YES;
				GCC_C_LANGUAGE_STANDARD = gnu17;
				GCC_DYNAMIC_NO_PIC = NO;
				GCC_NO_COMMON_BLOCKS = YES;
				GCC_OPTIMIZATION_LEVEL = 0;
				GCC_PREPROCESSOR_DEFINITIONS = (
					"DEBUG=1",
					"$(inherited)",
				);
				GCC_WARN_64_TO_32_BIT_CONVERSION = YES;
				GCC_WARN_ABOUT_RETURN_TYPE = YES_ERROR;
				GCC_WARN_UNDECLARED_SELECTOR = YES;
				GCC_WARN_UNINITIALIZED_AUTOS = YES_AGGRESSIVE;
				GCC_WARN_UNUSED_FUNCTION = YES;
				GCC_WARN_UNUSED_VARIABLE = YES;
				IPHONEOS_DEPLOYMENT_TARGET = 18.1;
				LOCALIZATION_PREFERS_STRING_CATALOGS = YES;
				MTL_ENABLE_DEBUG_INFO = INCLUDE_SOURCE;
				MTL_FAST_MATH = YES;
				ONLY_ACTIVE_ARCH = YES;
				SDKROOT = iphoneos;
				SWIFT_ACTIVE_COMPILATION_CONDITIONS = "DEBUG $(inherited)";
				SWIFT_OPTIMIZATION_LEVEL = "-Onone";
			};
			name = Debug;
		};
		EF25C8542DF8D3F9001E485F /* Release */ = {
			isa = XCBuildConfiguration;
			buildSettings = {
				ALWAYS_SEARCH_USER_PATHS = NO;
				ASSETCATALOG_COMPILER_GENERATE_SWIFT_ASSET_SYMBOL_EXTENSIONS = YES;
				CLANG_ANALYZER_NONNULL = YES;
				CLANG_ANALYZER_NUMBER_OBJECT_CONVERSION = YES_AGGRESSIVE;
				CLANG_CXX_LANGUAGE_STANDARD = "gnu++20";
				CLANG_ENABLE_MODULES = YES;
				CLANG_ENABLE_OBJC_ARC = YES;
				CLANG_ENABLE_OBJC_WEAK = YES;
				CLANG_WARN_BLOCK_CAPTURE_AUTORELEASING = YES;
				CLANG_WARN_BOOL_CONVERSION = YES;
				CLANG_WARN_COMMA = YES;
				CLANG_WARN_CONSTANT_CONVERSION = YES;
				CLANG_WARN_DEPRECATED_OBJC_IMPLEMENTATIONS = YES;
				CLANG_WARN_DIRECT_OBJC_ISA_USAGE = YES_ERROR;
				CLANG_WARN_DOCUMENTATION_COMMENTS = YES;
				CLANG_WARN_EMPTY_BODY = YES;
				CLANG_WARN_ENUM_CONVERSION = YES;
				CLANG_WARN_INFINITE_RECURSION = YES;
				CLANG_WARN_INT_CONVERSION = YES;
				CLANG_WARN_NON_LITERAL_NULL_CONVERSION = YES;
				CLANG_WARN_OBJC_IMPLICIT_RETAIN_SELF = YES;
				CLANG_WARN_OBJC_LITERAL_CONVERSION = YES;
				CLANG_WARN_OBJC_ROOT_CLASS = YES_ERROR;
				CLANG_WARN_QUOTED_INCLUDE_IN_FRAMEWORK_HEADER = YES;
				CLANG_WARN_RANGE_LOOP_ANALYSIS = YES;
				CLANG_WARN_STRICT_PROTOTYPES = YES;
				CLANG_WARN_SUSPICIOUS_MOVE = YES;
				CLANG_WARN_UNGUARDED_AVAILABILITY = YES_AGGRESSIVE;
				CLANG_WARN_UNREACHABLE_CODE = YES;
				CLANG_WARN__DUPLICATE_METHOD_MATCH = YES;
				COPY_PHASE_STRIP = NO;
				DEBUG_INFORMATION_FORMAT = "dwarf-with-dsym";
				ENABLE_NS_ASSERTIONS = NO;
				ENABLE_STRICT_OBJC_MSGSEND = YES;
				ENABLE_USER_SCRIPT_SANDBOXING = YES;
				GCC_C_LANGUAGE_STANDARD = gnu17;
				GCC_NO_COMMON_BLOCKS = YES;
				GCC_WARN_64_TO_32_BIT_CONVERSION = YES;
				GCC_WARN_ABOUT_RETURN_TYPE = YES_ERROR;
				GCC_WARN_UNDECLARED_SELECTOR = YES;
				GCC_WARN_UNINITIALIZED_AUTOS = YES_AGGRESSIVE;
				GCC_WARN_UNUSED_FUNCTION = YES;
				GCC_WARN_UNUSED_VARIABLE = YES;
				IPHONEOS_DEPLOYMENT_TARGET = 18.1;
				LOCALIZATION_PREFERS_STRING_CATALOGS = YES;
				MTL_ENABLE_DEBUG_INFO = NO;
				MTL_FAST_MATH = YES;
				SDKROOT = iphoneos;
				SWIFT_COMPILATION_MODE = wholemodule;
				VALIDATE_PRODUCT = YES;
			};
			name = Release;
		};
		EF25C8562DF8D3F9001E485F /* Debug */ = {
			isa = XCBuildConfiguration;
			buildSettings = {
				ASSETCATALOG_COMPILER_APPICON_NAME = AppIcon;
				ASSETCATALOG_COMPILER_GLOBAL_ACCENT_COLOR_NAME = AccentColor;
				CODE_SIGN_STYLE = Automatic;
				CURRENT_PROJECT_VERSION = 1;
				DEVELOPMENT_ASSET_PATHS = "\"TodoMini/Preview Content\"";
				DEVELOPMENT_TEAM = 2VC6YTM2SL;
				ENABLE_PREVIEWS = YES;
				GENERATE_INFOPLIST_FILE = YES;
				INFOPLIST_KEY_UIApplicationSceneManifest_Generation = YES;
				INFOPLIST_KEY_UIApplicationSupportsIndirectInputEvents = YES;
				INFOPLIST_KEY_UILaunchScreen_Generation = YES;
				INFOPLIST_KEY_UISupportedInterfaceOrientations_iPad = "UIInterfaceOrientationPortrait UIInterfaceOrientationPortraitUpsideDown UIInterfaceOrientationLandscapeLeft UIInterfaceOrientationLandscapeRight";
				INFOPLIST_KEY_UISupportedInterfaceOrientations_iPhone = "UIInterfaceOrientationPortrait UIInterfaceOrientationLandscapeLeft UIInterfaceOrientationLandscapeRight";
				LD_RUNPATH_SEARCH_PATHS = (
					"$(inherited)",
					"@executable_path/Frameworks",
				);
				MARKETING_VERSION = 1.0;
				PRODUCT_BUNDLE_IDENTIFIER = com.pinghe.TodoMini;
				PRODUCT_NAME = "$(TARGET_NAME)";
				SWIFT_EMIT_LOC_STRINGS = YES;
				SWIFT_VERSION = 5.0;
				TARGETED_DEVICE_FAMILY = "1,2";
			};
			name = Debug;
		};
		EF25C8572DF8D3F9001E485F /* Release */ = {
			isa = XCBuildConfiguration;
			buildSettings = {
				ASSETCATALOG_COMPILER_APPICON_NAME = AppIcon;
				ASSETCATALOG_COMPILER_GLOBAL_ACCENT_COLOR_NAME = AccentColor;
				CODE_SIGN_STYLE = Automatic;
				CURRENT_PROJECT_VERSION = 1;
				DEVELOPMENT_ASSET_PATHS = "\"TodoMini/Preview Content\"";
				DEVELOPMENT_TEAM = 2VC6YTM2SL;
				ENABLE_PREVIEWS = YES;
				GENERATE_INFOPLIST_FILE = YES;
				INFOPLIST_KEY_UIApplicationSceneManifest_Generation = YES;
				INFOPLIST_KEY_UIApplicationSupportsIndirectInputEvents = YES;
				INFOPLIST_KEY_UILaunchScreen_Generation = YES;
				INFOPLIST_KEY_UISupportedInterfaceOrientations_iPad = "UIInterfaceOrientationPortrait UIInterfaceOrientationPortraitUpsideDown UIInterfaceOrientationLandscapeLeft UIInterfaceOrientationLandscapeRight";
				INFOPLIST_KEY_UISupportedInterfaceOrientations_iPhone = "UIInterfaceOrientationPortrait UIInterfaceOrientationLandscapeLeft UIInterfaceOrientationLandscapeRight";
				LD_RUNPATH_SEARCH_PATHS = (
					"$(inherited)",
					"@executable_path/Frameworks",
				);
				MARKETING_VERSION = 1.0;
				PRODUCT_BUNDLE_IDENTIFIER = com.pinghe.TodoMini;
				PRODUCT_NAME = "$(TARGET_NAME)";
				SWIFT_EMIT_LOC_STRINGS = YES;
				SWIFT_VERSION = 5.0;
				TARGETED_DEVICE_FAMILY = "1,2";
			};
			name = Release;
		};
		EF25C8592DF8D3F9001E485F /* Debug */ = {
			isa = XCBuildConfiguration;
			buildSettings = {
				BUNDLE_LOADER = "$(TEST_HOST)";
				CODE_SIGN_STYLE = Automatic;
				CURRENT_PROJECT_VERSION = 1;
				DEVELOPMENT_TEAM = 2VC6YTM2SL;
				GENERATE_INFOPLIST_FILE = YES;
				IPHONEOS_DEPLOYMENT_TARGET = 18.1;
				MARKETING_VERSION = 1.0;
				PRODUCT_BUNDLE_IDENTIFIER = com.pinghe.TodoMiniTests;
				PRODUCT_NAME = "$(TARGET_NAME)";
				SWIFT_EMIT_LOC_STRINGS = NO;
				SWIFT_VERSION = 5.0;
				TARGETED_DEVICE_FAMILY = "1,2";
				TEST_HOST = "$(BUILT_PRODUCTS_DIR)/TodoMini.app/$(BUNDLE_EXECUTABLE_FOLDER_PATH)/TodoMini";
			};
			name = Debug;
		};
		EF25C85A2DF8D3F9001E485F /* Release */ = {
			isa = XCBuildConfiguration;
			buildSettings = {
				BUNDLE_LOADER = "$(TEST_HOST)";
				CODE_SIGN_STYLE = Automatic;
				CURRENT_PROJECT_VERSION = 1;
				DEVELOPMENT_TEAM = 2VC6YTM2SL;
				GENERATE_INFOPLIST_FILE = YES;
				IPHONEOS_DEPLOYMENT_TARGET = 18.1;
				MARKETING_VERSION = 1.0;
				PRODUCT_BUNDLE_IDENTIFIER = com.pinghe.TodoMiniTests;
				PRODUCT_NAME = "$(TARGET_NAME)";
				SWIFT_EMIT_LOC_STRINGS = NO;
				SWIFT_VERSION = 5.0;
				TARGETED_DEVICE_FAMILY = "1,2";
				TEST_HOST = "$(BUILT_PRODUCTS_DIR)/TodoMini.app/$(BUNDLE_EXECUTABLE_FOLDER_PATH)/TodoMini";
			};
			name = Release;
		};
		EF25C85C2DF8D3F9001E485F /* Debug */ = {
			isa = XCBuildConfiguration;
			buildSettings = {
				CODE_SIGN_STYLE = Automatic;
				CURRENT_PROJECT_VERSION = 1;
				DEVELOPMENT_TEAM = 2VC6YTM2SL;
				GENERATE_INFOPLIST_FILE = YES;
				MARKETING_VERSION = 1.0;
				PRODUCT_BUNDLE_IDENTIFIER = com.pinghe.TodoMiniUITests;
				PRODUCT_NAME = "$(TARGET_NAME)";
				SWIFT_EMIT_LOC_STRINGS = NO;
				SWIFT_VERSION = 5.0;
				TARGETED_DEVICE_FAMILY = "1,2";
				TEST_TARGET_NAME = TodoMini;
			};
			name = Debug;
		};
		EF25C85D2DF8D3F9001E485F /* Release */ = {
			isa = XCBuildConfiguration;
			buildSettings = {
				CODE_SIGN_STYLE = Automatic;
				CURRENT_PROJECT_VERSION = 1;
				DEVELOPMENT_TEAM = 2VC6YTM2SL;
				GENERATE_INFOPLIST_FILE = YES;
				MARKETING_VERSION = 1.0;
				PRODUCT_BUNDLE_IDENTIFIER = com.pinghe.TodoMiniUITests;
				PRODUCT_NAME = "$(TARGET_NAME)";
				SWIFT_EMIT_LOC_STRINGS = NO;
				SWIFT_VERSION = 5.0;
				TARGETED_DEVICE_FAMILY = "1,2";
				TEST_TARGET_NAME = TodoMini;
			};
			name = Release;
		};
/* End XCBuildConfiguration section */

/* Begin XCConfigurationList section */
		EF25C82C2DF8D3F8001E485F /* Build configuration list for PBXProject "TodoMini" */ = {
			isa = XCConfigurationList;
			buildConfigurations = (
				EF25C8532DF8D3F9001E485F /* Debug */,
				EF25C8542DF8D3F9001E485F /* Release */,
			);
			defaultConfigurationIsVisible = 0;
			defaultConfigurationName = Release;
		};
		EF25C8552DF8D3F9001E485F /* Build configuration list for PBXNativeTarget "TodoMini" */ = {
			isa = XCConfigurationList;
			buildConfigurations = (
				EF25C8562DF8D3F9001E485F /* Debug */,
				EF25C8572DF8D3F9001E485F /* Release */,
			);
			defaultConfigurationIsVisible = 0;
			defaultConfigurationName = Release;
		};
		EF25C8582DF8D3F9001E485F /* Build configuration list for PBXNativeTarget "TodoMiniTests" */ = {
			isa = XCConfigurationList;
			buildConfigurations = (
				EF25C8592DF8D3F9001E485F /* Debug */,
				EF25C85A2DF8D3F9001E485F /* Release */,
			);
			defaultConfigurationIsVisible = 0;
			defaultConfigurationName = Release;
		};
		EF25C85B2DF8D3F9001E485F /* Build configuration list for PBXNativeTarget "TodoMiniUITests" */ = {
			isa = XCConfigurationList;
			buildConfigurations = (
				EF25C85C2DF8D3F9001E485F /* Debug */,
				EF25C85D2DF8D3F9001E485F /* Release */,
			);
			defaultConfigurationIsVisible = 0;
			defaultConfigurationName = Release;
		};
/* End XCConfigurationList section */
	};
	rootObject = EF25C8292DF8D3F8001E485F /* Project object */;
}
